PODS:
  - Kiwi (3.0.0)
  - Masonry (1.1.0)
  - YYKit (1.0.9):
    - YYKit/no-arc (= 1.0.9)
  - YYKit/no-arc (1.0.9)

DEPENDENCIES:
  - Kiwi (~> 3.0.0)
  - Masonry
  - YYKit

SPEC REPOS:
  https://github.com/CocoaPods/Specs.git:
    - Kiwi
    - Masonry
    - YYKit

SPEC CHECKSUMS:
  Kiwi: fbeafef0f00e4d8f7dcb3420a4930afe70af77f7
  Masonry: 678fab65091a9290e40e2832a55e7ab731aad201
  YYKit: 7cda43304a8dc3696c449041e2cb3107b4e236e7

PODFILE CHECKSUM: 7c223e7850794edd446fc79a29ef0b2661c64594

COCOAPODS: 1.10.0
